
Microsoft Visual Studio Solution File, Format Version 12.00
# Visual Studio Version 16
VisualStudioVersion = 16.0.30320.27
MinimumVisualStudioVersion = 10.0.40219.1
Project("{8BC9CEB8-8B4A-11D0-8D11-00A0C91BC942}") = "SuperPhoneProject", "SuperPhoneProject\SuperPhoneProject.vcxproj", "{2F08A803-9F89-44DA-AB2D-02926B967066}"
EndProject
Global
	GlobalSection(SolutionConfigurationPlatforms) = preSolution
		Debug|x64 = Debug|x64
		Debug|x86 = Debug|x86
		Release|x64 = Release|x64
		Release|x86 = Release|x86
	EndGlobalSection
	GlobalSection(ProjectConfigurationPlatforms) = postSolution
		{2F08A803-9F89-44DA-AB2D-02926B967066}.Debug|x64.ActiveCfg = Debug|x64
		{2F08A803-9F89-44DA-AB2D-02926B967066}.Debug|x64.Build.0 = Debug|x64
		{2F08A803-9F89-44DA-AB2D-02926B967066}.Debug|x86.ActiveCfg = Debug|Win32
		{2F08A803-9F89-44DA-AB2D-02926B967066}.Debug|x86.Build.0 = Debug|Win32
		{2F08A803-9F89-44DA-AB2D-02926B967066}.Release|x64.ActiveCfg = Release|x64
		{2F08A803-9F89-44DA-AB2D-02926B967066}.Release|x64.Build.0 = Release|x64
		{2F08A803-9F89-44DA-AB2D-02926B967066}.Release|x86.ActiveCfg = Release|Win32
		{2F08A803-9F89-44DA-AB2D-02926B967066}.Release|x86.Build.0 = Release|Win32
	EndGlobalSection
	GlobalSection(SolutionProperties) = preSolution
		HideSolutionNode = FALSE
	EndGlobalSection
	GlobalSection(ExtensibilityGlobals) = postSolution
		SolutionGuid = {7B545A2C-D255-40A1-AE8C-8497084C472C}
	EndGlobalSection
EndGlobal
